// !$*UTF8*$!
{
	archiveVersion = 1;
	classes = {
	};
	objectVersion = 48;
	objects = {

/* Begin PBXBuildFile section */
		60D2001C1F7DBC5700A26B46 /* AppDelegate.swift in Sources */ = {isa = PBXBuildFile; fileRef = 60D2001B1F7DBC5700A26B46 /* AppDelegate.swift */; };
		60D2001E1F7DBC5700A26B46 /* ViewController.swift in Sources */ = {isa = PBXBuildFile; fileRef = 60D2001D1F7DBC5700A26B46 /* ViewController.swift */; };
		60D200211F7DBC5700A26B46 /* Main.storyboard in Resources */ = {isa = PBXBuildFile; fileRef = 60D2001F1F7DBC5700A26B46 /* Main.storyboard */; };
		60D200231F7DBC5700A26B46 /* Assets.xcassets in Resources */ = {isa = PBXBuildFile; fileRef = 60D200221F7DBC5700A26B46 /* Assets.xcassets */; };
		60D200261F7DBC5700A26B46 /* LaunchScreen.storyboard in Resources */ = {isa = PBXBuildFile; fileRef = 60D200241F7DBC5700A26B46 /* LaunchScreen.storyboard */; };
		60D200311F7DBC5700A26B46 /* WeatherTests.swift in Sources */ = {isa = PBXBuildFile; fileRef = 60D200301F7DBC5700A26B46 /* WeatherTests.swift */; };
		60D2003C1F7DBC5700A26B46 /* WeatherUITests.swift in Sources */ = {isa = PBXBuildFile; fileRef = 60D2003B1F7DBC5700A26B46 /* WeatherUITests.swift */; };
/* End PBXBuildFile section */

/* Begin PBXContainerItemProxy section */
		60D2002D1F7DBC5700A26B46 /* PBXContainerItemProxy */ = {
			isa = PBXContainerItemProxy;
			containerPortal = 60D200101F7DBC5700A26B46 /* Project object */;
			proxyType = 1;
			remoteGlobalIDString = 60D200171F7DBC5700A26B46;
			remoteInfo = Weather;
		};
		60D200381F7DBC5700A26B46 /* PBXContainerItemProxy */ = {
			isa = PBXContainerItemProxy;
			containerPortal = 60D200101F7DBC5700A26B46 /* Project object */;
			proxyType = 1;
			remoteGlobalIDString = 60D200171F7DBC5700A26B46;
			remoteInfo = Weather;
		};
/* End PBXContainerItemProxy section */

/* Begin PBXFileReference section */
		60D200181F7DBC5700A26B46 /* Weather.app */ = {isa = PBXFileReference; explicitFileType = wrapper.application; includeInIndex = 0; path = Weather.app; sourceTree = BUILT_PRODUCTS_DIR; };
		60D2001B1F7DBC5700A26B46 /* AppDelegate.swift */ = {isa = PBXFileReference; lastKnownFileType = sourcecode.swift; path = AppDelegate.swift; sourceTree = "<group>"; };
		60D2001D1F7DBC5700A26B46 /* ViewController.swift */ = {isa = PBXFileReference; lastKnownFileType = sourcecode.swift; path = ViewController.swift; sourceTree = "<group>"; };
		60D200201F7DBC5700A26B46 /* Base */ = {isa = PBXFileReference; lastKnownFileType = file.storyboard; name = Base; path = Base.lproj/Main.storyboard; sourceTree = "<group>"; };
		60D200221F7DBC5700A26B46 /* Assets.xcassets */ = {isa = PBXFileReference; lastKnownFileType = folder.assetcatalog; path = Assets.xcassets; sourceTree = "<group>"; };
		60D200251F7DBC5700A26B46 /* Base */ = {isa = PBXFileReference; lastKnownFileType = file.storyboard; name = Base; path = Base.lproj/LaunchScreen.storyboard; sourceTree = "<group>"; };
		60D200271F7DBC5700A26B46 /* Info.plist */ = {isa = PBXFileReference; lastKnownFileType = text.plist.xml; path = Info.plist; sourceTree = "<group>"; };
		60D2002C1F7DBC5700A26B46 /* WeatherTests.xctest */ = {isa = PBXFileReference; explicitFileType = wrapper.cfbundle; includeInIndex = 0; path = WeatherTests.xctest; sourceTree = BUILT_PRODUCTS_DIR; };
		60D200301F7DBC5700A26B46 /* WeatherTests.swift */ = {isa = PBXFileReference; lastKnownFileType = sourcecode.swift; path = WeatherTests.swift; sourceTree = "<group>"; };
		60D200321F7DBC5700A26B46 /* Info.plist */ = {isa = PBXFileReference; lastKnownFileType = text.plist.xml; path = Info.plist; sourceTree = "<group>"; };
		60D200371F7DBC5700A26B46 /* WeatherUITests.xctest */ = {isa = PBXFileReference; explicitFileType = wrapper.cfbundle; includeInIndex = 0; path = WeatherUITests.xctest; sourceTree = BUILT_PRODUCTS_DIR; };
		60D2003B1F7DBC5700A26B46 /* WeatherUITests.swift */ = {isa = PBXFileReference; lastKnownFileType = sourcecode.swift; path = WeatherUITests.swift; sourceTree = "<group>"; };
		60D2003D1F7DBC5700A26B46 /* Info.plist */ = {isa = PBXFileReference; lastKnownFileType = text.plist.xml; path = Info.plist; sourceTree = "<group>"; };
/* End PBXFileReference section */

/* Begin PBXFrameworksBuildPhase section */
		60D200151F7DBC5700A26B46 /* Frameworks */ = {
			isa = PBXFrameworksBuildPhase;
			buildActionMask = 2147483647;
			files = (
			);
			runOnlyForDeploymentPostprocessing = 0;
		};
		60D200291F7DBC5700A26B46 /* Frameworks */ = {
			isa = PBXFrameworksBuildPhase;
			buildActionMask = 2147483647;
			files = (
			);
			runOnlyForDeploymentPostprocessing = 0;
		};
		60D200341F7DBC5700A26B46 /* Frameworks */ = {
			isa = PBXFrameworksBuildPhase;
			buildActionMask = 2147483647;
			files = (
			);
			runOnlyForDeploymentPostprocessing = 0;
		};
/* End PBXFrameworksBuildPhase section */

/* Begin PBXGroup section */
		60D2000F1F7DBC5700A26B46 = {
			isa = PBXGroup;
			children = (
				60D2001A1F7DBC5700A26B46 /* Weather */,
				60D2002F1F7DBC5700A26B46 /* WeatherTests */,
				60D2003A1F7DBC5700A26B46 /* WeatherUITests */,
				60D200191F7DBC5700A26B46 /* Products */,
			);
			sourceTree = "<group>";
		};
		60D200191F7DBC5700A26B46 /* Products */ = {
			isa = PBXGroup;
			children = (
				60D200181F7DBC5700A26B46 /* Weather.app */,
				60D2002C1F7DBC5700A26B46 /* WeatherTests.xctest */,
				60D200371F7DBC5700A26B46 /* WeatherUITests.xctest */,
			);
			name = Products;
			sourceTree = "<group>";
		};
		60D2001A1F7DBC5700A26B46 /* Weather */ = {
			isa = PBXGroup;
			children = (
				60D2001B1F7DBC5700A26B46 /* AppDelegate.swift */,
				60D2001D1F7DBC5700A26B46 /* ViewController.swift */,
				60D2001F1F7DBC5700A26B46 /* Main.storyboard */,
				60D200221F7DBC5700A26B46 /* Assets.xcassets */,
				60D200241F7DBC5700A26B46 /* LaunchScreen.storyboard */,
				60D200271F7DBC5700A26B46 /* Info.plist */,
			);
			path = Weather;
			sourceTree = "<group>";
		};
		60D2002F1F7DBC5700A26B46 /* WeatherTests */ = {
			isa = PBXGroup;
			children = (
				60D200301F7DBC5700A26B46 /* WeatherTests.swift */,
				60D200321F7DBC5700A26B46 /* Info.plist */,
			);
			path = WeatherTests;
			sourceTree = "<group>";
		};
		60D2003A1F7DBC5700A26B46 /* WeatherUITests */ = {
			isa = PBXGroup;
			children = (
				60D2003B1F7DBC5700A26B46 /* WeatherUITests.swift */,
				60D2003D1F7DBC5700A26B46 /* Info.plist */,
			);
			path = WeatherUITests;
			sourceTree = "<group>";
		};
/* End PBXGroup section */

/* Begin PBXNativeTarget section */
		60D200171F7DBC5700A26B46 /* Weather */ = {
			isa = PBXNativeTarget;
			buildConfigurationList = 60D200401F7DBC5700A26B46 /* Build configuration list for PBXNativeTarget "Weather" */;
			buildPhases = (
				60D200141F7DBC5700A26B46 /* Sources */,
				60D200151F7DBC5700A26B46 /* Frameworks */,
				60D200161F7DBC5700A26B46 /* Resources */,
			);
			buildRules = (
			);
			dependencies = (
			);
			name = Weather;
			productName = Weather;
			productReference = 60D200181F7DBC5700A26B46 /* Weather.app */;
			productType = "com.apple.product-type.application";
		};
		60D2002B1F7DBC5700A26B46 /* WeatherTests */ = {
			isa = PBXNativeTarget;
			buildConfigurationList = 60D200431F7DBC5700A26B46 /* Build configuration list for PBXNativeTarget "WeatherTests" */;
			buildPhases = (
				60D200281F7DBC5700A26B46 /* Sources */,
				60D200291F7DBC5700A26B46 /* Frameworks */,
				60D2002A1F7DBC5700A26B46 /* Resources */,
			);
			buildRules = (
			);
			dependencies = (
				60D2002E1F7DBC5700A26B46 /* PBXTargetDependency */,
			);
			name = WeatherTests;
			productName = WeatherTests;
			productReference = 60D2002C1F7DBC5700A26B46 /* WeatherTests.xctest */;
			productType = "com.apple.product-type.bundle.unit-test";
		};
		60D200361F7DBC5700A26B46 /* WeatherUITests */ = {
			isa = PBXNativeTarget;
			buildConfigurationList = 60D200461F7DBC5700A26B46 /* Build configuration list for PBXNativeTarget "WeatherUITests" */;
			buildPhases = (
				60D200331F7DBC5700A26B46 /* Sources */,
				60D200341F7DBC5700A26B46 /* Frameworks */,
				60D200351F7DBC5700A26B46 /* Resources */,
			);
			buildRules = (
			);
			dependencies = (
				60D200391F7DBC5700A26B46 /* PBXTargetDependency */,
			);
			name = WeatherUITests;
			productName = WeatherUITests;
			productReference = 60D200371F7DBC5700A26B46 /* WeatherUITests.xctest */;
			productType = "com.apple.product-type.bundle.ui-testing";
		};
/* End PBXNativeTarget section */

/* Begin PBXProject section */
		60D200101F7DBC5700A26B46 /* Project object */ = {
			isa = PBXProject;
			attributes = {
				LastSwiftUpdateCheck = 0900;
				LastUpgradeCheck = 0900;
				ORGANIZATIONNAME = "Chris Davis";
				TargetAttributes = {
					60D200171F7DBC5700A26B46 = {
						CreatedOnToolsVersion = 9.0;
						ProvisioningStyle = Automatic;
					};
					60D2002B1F7DBC5700A26B46 = {
						CreatedOnToolsVersion = 9.0;
						ProvisioningStyle = Automatic;
						TestTargetID = 60D200171F7DBC5700A26B46;
					};
					60D200361F7DBC5700A26B46 = {
						CreatedOnToolsVersion = 9.0;
						ProvisioningStyle = Automatic;
						TestTargetID = 60D200171F7DBC5700A26B46;
					};
				};
			};
			buildConfigurationList = 60D200131F7DBC5700A26B46 /* Build configuration list for PBXProject "Weather" */;
			compatibilityVersion = "Xcode 8.0";
			developmentRegion = en;
			hasScannedForEncodings = 0;
			knownRegions = (
				en,
				Base,
			);
			mainGroup = 60D2000F1F7DBC5700A26B46;
			productRefGroup = 60D200191F7DBC5700A26B46 /* Products */;
			projectDirPath = "";
			projectRoot = "";
			targets = (
				60D200171F7DBC5700A26B46 /* Weather */,
				60D2002B1F7DBC5700A26B46 /* WeatherTests */,
				60D200361F7DBC5700A26B46 /* WeatherUITests */,
			);
		};
/* End PBXProject section */

/* Begin PBXResourcesBuildPhase section */
		60D200161F7DBC5700A26B46 /* Resources */ = {
			isa = PBXResourcesBuildPhase;
			buildActionMask = 2147483647;
			files = (
				60D200261F7DBC5700A26B46 /* LaunchScreen.storyboard in Resources */,
				60D200231F7DBC5700A26B46 /* Assets.xcassets in Resources */,
				60D200211F7DBC5700A26B46 /* Main.storyboard in Resources */,
			);
			runOnlyForDeploymentPostprocessing = 0;
		};
		60D2002A1F7DBC5700A26B46 /* Resources */ = {
			isa = PBXResourcesBuildPhase;
			buildActionMask = 2147483647;
			files = (
			);
			runOnlyForDeploymentPostprocessing = 0;
		};
		60D200351F7DBC5700A26B46 /* Resources */ = {
			isa = PBXResourcesBuildPhase;
			buildActionMask = 2147483647;
			files = (
			);
			runOnlyForDeploymentPostprocessing = 0;
		};
/* End PBXResourcesBuildPhase section */

/* Begin PBXSourcesBuildPhase section */
		60D200141F7DBC5700A26B46 /* Sources */ = {
			isa = PBXSourcesBuildPhase;
			buildActionMask = 2147483647;
			files = (
				60D2001E1F7DBC5700A26B46 /* ViewController.swift in Sources */,
				60D2001C1F7DBC5700A26B46 /* AppDelegate.swift in Sources */,
			);
			runOnlyForDeploymentPostprocessing = 0;
		};
		60D200281F7DBC5700A26B46 /* Sources */ = {
			isa = PBXSourcesBuildPhase;
			buildActionMask = 2147483647;
			files = (
				60D200311F7DBC5700A26B46 /* WeatherTests.swift in Sources */,
			);
			runOnlyForDeploymentPostprocessing = 0;
		};
		60D200331F7DBC5700A26B46 /* Sources */ = {
			isa = PBXSourcesBuildPhase;
			buildActionMask = 2147483647;
			files = (
				60D2003C1F7DBC5700A26B46 /* WeatherUITests.swift in Sources */,
			);
			runOnlyForDeploymentPostprocessing = 0;
		};
/* End PBXSourcesBuildPhase section */

/* Begin PBXTargetDependency section */
		60D2002E1F7DBC5700A26B46 /* PBXTargetDependency */ = {
			isa = PBXTargetDependency;
			target = 60D200171F7DBC5700A26B46 /* Weather */;
			targetProxy = 60D2002D1F7DBC5700A26B46 /* PBXContainerItemProxy */;
		};
		60D200391F7DBC5700A26B46 /* PBXTargetDependency */ = {
			isa = PBXTargetDependency;
			target = 60D200171F7DBC5700A26B46 /* Weather */;
			targetProxy = 60D200381F7DBC5700A26B46 /* PBXContainerItemProxy */;
		};
/* End PBXTargetDependency section */

/* Begin PBXVariantGroup section */
		60D2001F1F7DBC5700A26B46 /* Main.storyboard */ = {
			isa = PBXVariantGroup;
			children = (
				60D200201F7DBC5700A26B46 /* Base */,
			);
			name = Main.storyboard;
			sourceTree = "<group>";
		};
		60D200241F7DBC5700A26B46 /* LaunchScreen.storyboard */ = {
			isa = PBXVariantGroup;
			children = (
				60D200251F7DBC5700A26B46 /* Base */,
			);
			name = LaunchScreen.storyboard;
			sourceTree = "<group>";
		};
/* End PBXVariantGroup section */

/* Begin XCBuildConfiguration section */
		60D2003E1F7DBC5700A26B46 /* Debug */ = {
			isa = XCBuildConfiguration;
			buildSettings = {
				ALWAYS_SEARCH_USER_PATHS = NO;
				CLANG_ANALYZER_NONNULL = YES;
				CLANG_ANALYZER_NUMBER_OBJECT_CONVERSION = YES_AGGRESSIVE;
				CLANG_CXX_LANGUAGE_STANDARD = "gnu++14";
				CLANG_CXX_LIBRARY = "libc++";
				CLANG_ENABLE_MODULES = YES;
				CLANG_ENABLE_OBJC_ARC = YES;
				CLANG_WARN_BLOCK_CAPTURE_AUTORELEASING = YES;
				CLANG_WARN_BOOL_CONVERSION = YES;
				CLANG_WARN_COMMA = YES;
				CLANG_WARN_CONSTANT_CONVERSION = YES;
				CLANG_WARN_DIRECT_OBJC_ISA_USAGE = YES_ERROR;
				CLANG_WARN_DOCUMENTATION_COMMENTS = YES;
				CLANG_WARN_EMPTY_BODY = YES;
				CLANG_WARN_ENUM_CONVERSION = YES;
				CLANG_WARN_INFINITE_RECURSION = YES;
				CLANG_WARN_INT_CONVERSION = YES;
				CLANG_WARN_NON_LITERAL_NULL_CONVERSION = YES;
				CLANG_WARN_OBJC_LITERAL_CONVERSION = YES;
				CLANG_WARN_OBJC_ROOT_CLASS = YES_ERROR;
				CLANG_WARN_RANGE_LOOP_ANALYSIS = YES;
				CLANG_WARN_STRICT_PROTOTYPES = YES;
				CLANG_WARN_SUSPICIOUS_MOVE = YES;
				CLANG_WARN_UNGUARDED_AVAILABILITY = YES_AGGRESSIVE;
				CLANG_WARN_UNREACHABLE_CODE = YES;
				CLANG_WARN__DUPLICATE_METHOD_MATCH = YES;
				CODE_SIGN_IDENTITY = "iPhone Developer";
				COPY_PHASE_STRIP = NO;
				DEBUG_INFORMATION_FORMAT = dwarf;
				ENABLE_STRICT_OBJC_MSGSEND = YES;
				ENABLE_TESTABILITY = YES;
				GCC_C_LANGUAGE_STANDARD = gnu11;
				GCC_DYNAMIC_NO_PIC = NO;
				GCC_NO_COMMON_BLOCKS = YES;
				GCC_OPTIMIZATION_LEVEL = 0;
				GCC_PREPROCESSOR_DEFINITIONS = (
					"DEBUG=1",
					"$(inherited)",
				);
				GCC_WARN_64_TO_32_BIT_CONVERSION = YES;
				GCC_WARN_ABOUT_RETURN_TYPE = YES_ERROR;
				GCC_WARN_UNDECLARED_SELECTOR = YES;
				GCC_WARN_UNINITIALIZED_AUTOS = YES_AGGRESSIVE;
				GCC_WARN_UNUSED_FUNCTION = YES;
				GCC_WARN_UNUSED_VARIABLE = YES;
				IPHONEOS_DEPLOYMENT_TARGET = 11.0;
				MTL_ENABLE_DEBUG_INFO = YES;
				ONLY_ACTIVE_ARCH = YES;
				SDKROOT = iphoneos;
				SWIFT_ACTIVE_COMPILATION_CONDITIONS = DEBUG;
				SWIFT_OPTIMIZATION_LEVEL = "-Onone";
			};
			name = Debug;
		};
		60D2003F1F7DBC5700A26B46 /* Release */ = {
			isa = XCBuildConfiguration;
			buildSettings = {
				ALWAYS_SEARCH_USER_PATHS = NO;
				CLANG_ANALYZER_NONNULL = YES;
				CLANG_ANALYZER_NUMBER_OBJECT_CONVERSION = YES_AGGRESSIVE;
				CLANG_CXX_LANGUAGE_STANDARD = "gnu++14";
				CLANG_CXX_LIBRARY = "libc++";
				CLANG_ENABLE_MODULES = YES;
				CLANG_ENABLE_OBJC_ARC = YES;
				CLANG_WARN_BLOCK_CAPTURE_AUTORELEASING = YES;
				CLANG_WARN_BOOL_CONVERSION = YES;
				CLANG_WARN_COMMA = YES;
				CLANG_WARN_CONSTANT_CONVERSION = YES;
				CLANG_WARN_DIRECT_OBJC_ISA_USAGE = YES_ERROR;
				CLANG_WARN_DOCUMENTATION_COMMENTS = YES;
				CLANG_WARN_EMPTY_BODY = YES;
				CLANG_WARN_ENUM_CONVERSION = YES;
				CLANG_WARN_INFINITE_RECURSION = YES;
				CLANG_WARN_INT_CONVERSION = YES;
				CLANG_WARN_NON_LITERAL_NULL_CONVERSION = YES;
				CLANG_WARN_OBJC_LITERAL_CONVERSION = YES;
				CLANG_WARN_OBJC_ROOT_CLASS = YES_ERROR;
				CLANG_WARN_RANGE_LOOP_ANALYSIS = YES;
				CLANG_WARN_STRICT_PROTOTYPES = YES;
				CLANG_WARN_SUSPICIOUS_MOVE = YES;
				CLANG_WARN_UNGUARDED_AVAILABILITY = YES_AGGRESSIVE;
				CLANG_WARN_UNREACHABLE_CODE = YES;
				CLANG_WARN__DUPLICATE_METHOD_MATCH = YES;
				CODE_SIGN_IDENTITY = "iPhone Developer";
				COPY_PHASE_STRIP = NO;
				DEBUG_INFORMATION_FORMAT = "dwarf-with-dsym";
				ENABLE_NS_ASSERTIONS = NO;
				ENABLE_STRICT_OBJC_MSGSEND = YES;
				GCC_C_LANGUAGE_STANDARD = gnu11;
				GCC_NO_COMMON_BLOCKS = YES;
				GCC_WARN_64_TO_32_BIT_CONVERSION = YES;
				GCC_WARN_ABOUT_RETURN_TYPE = YES_ERROR;
				GCC_WARN_UNDECLARED_SELECTOR = YES;
				GCC_WARN_UNINITIALIZED_AUTOS = YES_AGGRESSIVE;
				GCC_WARN_UNUSED_FUNCTION = YES;
				GCC_WARN_UNUSED_VARIABLE = YES;
				IPHONEOS_DEPLOYMENT_TARGET = 11.0;
				MTL_ENABLE_DEBUG_INFO = NO;
				SDKROOT = iphoneos;
				SWIFT_OPTIMIZATION_LEVEL = "-Owholemodule";
				VALIDATE_PRODUCT = YES;
			};
			name = Release;
		};
		60D200411F7DBC5700A26B46 /* Debug */ = {
			isa = XCBuildConfiguration;
			buildSettings = {
				ASSETCATALOG_COMPILER_APPICON_NAME = AppIcon;
				CODE_SIGN_STYLE = Automatic;
				DEVELOPMENT_TEAM = 32T4NP5L87;
				INFOPLIST_FILE = Weather/Info.plist;
				LD_RUNPATH_SEARCH_PATHS = "$(inherited) @executable_path/Frameworks";
				PRODUCT_BUNDLE_IDENTIFIER = tech.chrisdavis.Weather;
				PRODUCT_NAME = "$(TARGET_NAME)";
				SWIFT_VERSION = 4.0;
				TARGETED_DEVICE_FAMILY = "1,2";
			};
			name = Debug;
		};
		60D200421F7DBC5700A26B46 /* Release */ = {
			isa = XCBuildConfiguration;
			buildSettings = {
				ASSETCATALOG_COMPILER_APPICON_NAME = AppIcon;
				CODE_SIGN_STYLE = Automatic;
				DEVELOPMENT_TEAM = 32T4NP5L87;
				INFOPLIST_FILE = Weather/Info.plist;
				LD_RUNPATH_SEARCH_PATHS = "$(inherited) @executable_path/Frameworks";
				PRODUCT_BUNDLE_IDENTIFIER = tech.chrisdavis.Weather;
				PRODUCT_NAME = "$(TARGET_NAME)";
				SWIFT_VERSION = 4.0;
				TARGETED_DEVICE_FAMILY = "1,2";
			};
			name = Release;
		};
		60D200441F7DBC5700A26B46 /* Debug */ = {
			isa = XCBuildConfiguration;
			buildSettings = {
				ALWAYS_EMBED_SWIFT_STANDARD_LIBRARIES = YES;
				BUNDLE_LOADER = "$(TEST_HOST)";
				CODE_SIGN_STYLE = Automatic;
				DEVELOPMENT_TEAM = 32T4NP5L87;
				INFOPLIST_FILE = WeatherTests/Info.plist;
				LD_RUNPATH_SEARCH_PATHS = "$(inherited) @executable_path/Frameworks @loader_path/Frameworks";
				PRODUCT_BUNDLE_IDENTIFIER = tech.chrisdavis.WeatherTests;
				PRODUCT_NAME = "$(TARGET_NAME)";
				SWIFT_VERSION = 4.0;
				TARGETED_DEVICE_FAMILY = "1,2";
				TEST_HOST = "$(BUILT_PRODUCTS_DIR)/Weather.app/Weather";
			};
			name = Debug;
		};
		60D200451F7DBC5700A26B46 /* Release */ = {
			isa = XCBuildConfiguration;
			buildSettings = {
				ALWAYS_EMBED_SWIFT_STANDARD_LIBRARIES = YES;
				BUNDLE_LOADER = "$(TEST_HOST)";
				CODE_SIGN_STYLE = Automatic;
				DEVELOPMENT_TEAM = 32T4NP5L87;
				INFOPLIST_FILE = WeatherTests/Info.plist;
				LD_RUNPATH_SEARCH_PATHS = "$(inherited) @executable_path/Frameworks @loader_path/Frameworks";
				PRODUCT_BUNDLE_IDENTIFIER = tech.chrisdavis.WeatherTests;
				PRODUCT_NAME = "$(TARGET_NAME)";
				SWIFT_VERSION = 4.0;
				TARGETED_DEVICE_FAMILY = "1,2";
				TEST_HOST = "$(BUILT_PRODUCTS_DIR)/Weather.app/Weather";
			};
			name = Release;
		};
		60D200471F7DBC5700A26B46 /* Debug */ = {
			isa = XCBuildConfiguration;
			buildSettings = {
				ALWAYS_EMBED_SWIFT_STANDARD_LIBRARIES = YES;
				CODE_SIGN_STYLE = Automatic;
				DEVELOPMENT_TEAM = 32T4NP5L87;
				INFOPLIST_FILE = WeatherUITests/Info.plist;
				LD_RUNPATH_SEARCH_PATHS = "$(inherited) @executable_path/Frameworks @loader_path/Frameworks";
				PRODUCT_BUNDLE_IDENTIFIER = tech.chrisdavis.WeatherUITests;
				PRODUCT_NAME = "$(TARGET_NAME)";
				SWIFT_VERSION = 4.0;
				TARGETED_DEVICE_FAMILY = "1,2";
				TEST_TARGET_NAME = Weather;
			};
			name = Debug;
		};
		60D200481F7DBC5700A26B46 /* Release */ = {
			isa = XCBuildConfiguration;
			buildSettings = {
				ALWAYS_EMBED_SWIFT_STANDARD_LIBRARIES = YES;
				CODE_SIGN_STYLE = Automatic;
				DEVELOPMENT_TEAM = 32T4NP5L87;
				INFOPLIST_FILE = WeatherUITests/Info.plist;
				LD_RUNPATH_SEARCH_PATHS = "$(inherited) @executable_path/Frameworks @loader_path/Frameworks";
				PRODUCT_BUNDLE_IDENTIFIER = tech.chrisdavis.WeatherUITests;
				PRODUCT_NAME = "$(TARGET_NAME)";
				SWIFT_VERSION = 4.0;
				TARGETED_DEVICE_FAMILY = "1,2";
				TEST_TARGET_NAME = Weather;
			};
			name = Release;
		};
/* End XCBuildConfiguration section */

/* Begin XCConfigurationList section */
		60D200131F7DBC5700A26B46 /* Build configuration list for PBXProject "Weather" */ = {
			isa = XCConfigurationList;
			buildConfigurations = (
				60D2003E1F7DBC5700A26B46 /* Debug */,
				60D2003F1F7DBC5700A26B46 /* Release */,
			);
			defaultConfigurationIsVisible = 0;
			defaultConfigurationName = Release;
		};
		60D200401F7DBC5700A26B46 /* Build configuration list for PBXNativeTarget "Weather" */ = {
			isa = XCConfigurationList;
			buildConfigurations = (
				60D200411F7DBC5700A26B46 /* Debug */,
				60D200421F7DBC5700A26B46 /* Release */,
			);
			defaultConfigurationIsVisible = 0;
			defaultConfigurationName = Release;
		};
		60D200431F7DBC5700A26B46 /* Build configuration list for PBXNativeTarget "WeatherTests" */ = {
			isa = XCConfigurationList;
			buildConfigurations = (
				60D200441F7DBC5700A26B46 /* Debug */,
				60D200451F7DBC5700A26B46 /* Release */,
			);
			defaultConfigurationIsVisible = 0;
			defaultConfigurationName = Release;
		};
		60D200461F7DBC5700A26B46 /* Build configuration list for PBXNativeTarget "WeatherUITests" */ = {
			isa = XCConfigurationList;
			buildConfigurations = (
				60D200471F7DBC5700A26B46 /* Debug */,
				60D200481F7DBC5700A26B46 /* Release */,
			);
			defaultConfigurationIsVisible = 0;
			defaultConfigurationName = Release;
		};
/* End XCConfigurationList section */
	};
	rootObject = 60D200101F7DBC5700A26B46 /* Project object */;
}
